
Microsoft Visual Studio Solution File, Format Version 12.00
# Visual Studio Version 17
VisualStudioVersion = 17.0.32112.339
MinimumVisualStudioVersion = 10.0.40219.1
Project("{9A19103F-16F7-4668-BE54-9A1E7A4F7556}") = "Pika.Web", "src\web\Pika.Web.csproj", "{69F68163-AF60-4C6B-A90C-FF6582C79EB4}"
EndProject
Project("{9A19103F-16F7-4668-BE54-9A1E7A4F7556}") = "Pika.Lib", "src\lib\Pika.Lib.csproj", "{25972543-2907-495C-BFCF-57560338ADB3}"
EndProject
Global
	GlobalSection(SolutionConfigurationPlatforms) = preSolution
		Debug|Any CPU = Debug|Any CPU
		Release|Any CPU = Release|Any CPU
	EndGlobalSection
	GlobalSection(ProjectConfigurationPlatforms) = postSolution
		{69F68163-AF60-4C6B-A90C-FF6582C79EB4}.Debug|Any CPU.ActiveCfg = Debug|Any CPU
		{69F68163-AF60-4C6B-A90C-FF6582C79EB4}.Debug|Any CPU.Build.0 = Debug|Any CPU
		{69F68163-AF60-4C6B-A90C-FF6582C79EB4}.Release|Any CPU.ActiveCfg = Release|Any CPU
		{69F68163-AF60-4C6B-A90C-FF6582C79EB4}.Release|Any CPU.Build.0 = Release|Any CPU
		{25972543-2907-495C-BFCF-57560338ADB3}.Debug|Any CPU.ActiveCfg = Debug|Any CPU
		{25972543-2907-495C-BFCF-57560338ADB3}.Debug|Any CPU.Build.0 = Debug|Any CPU
		{25972543-2907-495C-BFCF-57560338ADB3}.Release|Any CPU.ActiveCfg = Release|Any CPU
		{25972543-2907-495C-BFCF-57560338ADB3}.Release|Any CPU.Build.0 = Release|Any CPU
	EndGlobalSection
	GlobalSection(SolutionProperties) = preSolution
		HideSolutionNode = FALSE
	EndGlobalSection
	GlobalSection(ExtensibilityGlobals) = postSolution
		SolutionGuid = {33959F88-1D7D-4D89-A471-469EC921BD46}
	EndGlobalSection
EndGlobal
